// !$*UTF8*$!
{
	archiveVersion = 1;
	classes = {
	};
	objectVersion = 50;
	objects = {

/* Begin PBXBuildFile section */
		52B547A1269E861B0074A5A7 /* RecipeApp.swift in Sources */ = {isa = PBXBuildFile; fileRef = 52B547A0269E861B0074A5A7 /* RecipeApp.swift */; };
		52B547A3269E861B0074A5A7 /* RecipeTabView.swift in Sources */ = {isa = PBXBuildFile; fileRef = 52B547A2269E861B0074A5A7 /* RecipeTabView.swift */; };
		52B547A5269E86270074A5A7 /* Assets.xcassets in Resources */ = {isa = PBXBuildFile; fileRef = 52B547A4269E86270074A5A7 /* Assets.xcassets */; };
		52B547A8269E86270074A5A7 /* Preview Assets.xcassets in Resources */ = {isa = PBXBuildFile; fileRef = 52B547A7269E86270074A5A7 /* Preview Assets.xcassets */; };
		52B547B8269E87FB0074A5A7 /* recipes.json in Resources */ = {isa = PBXBuildFile; fileRef = 52B547B7269E87FB0074A5A7 /* recipes.json */; };
		52B547BB269E890A0074A5A7 /* Recipe.swift in Sources */ = {isa = PBXBuildFile; fileRef = 52B547BA269E890A0074A5A7 /* Recipe.swift */; };
		52B547BE269E89820074A5A7 /* RecipeModel.swift in Sources */ = {isa = PBXBuildFile; fileRef = 52B547BD269E89820074A5A7 /* RecipeModel.swift */; };
		52B547C1269E8A180074A5A7 /* DataService.swift in Sources */ = {isa = PBXBuildFile; fileRef = 52B547C0269E8A180074A5A7 /* DataService.swift */; };
		52B547C5269E91BE0074A5A7 /* RecipeFeaturedView.swift in Sources */ = {isa = PBXBuildFile; fileRef = 52B547C4269E91BE0074A5A7 /* RecipeFeaturedView.swift */; };
		52B547C8269E91D70074A5A7 /* RecipeListView.swift in Sources */ = {isa = PBXBuildFile; fileRef = 52B547C7269E91D70074A5A7 /* RecipeListView.swift */; };
		52B547CB269E91E40074A5A7 /* RecipeDetailView.swift in Sources */ = {isa = PBXBuildFile; fileRef = 52B547CA269E91E40074A5A7 /* RecipeDetailView.swift */; };
/* End PBXBuildFile section */

/* Begin PBXFileReference section */
		52B5479D269E861B0074A5A7 /* Recipe.app */ = {isa = PBXFileReference; explicitFileType = wrapper.application; includeInIndex = 0; path = Recipe.app; sourceTree = BUILT_PRODUCTS_DIR; };
		52B547A0269E861B0074A5A7 /* RecipeApp.swift */ = {isa = PBXFileReference; lastKnownFileType = sourcecode.swift; path = RecipeApp.swift; sourceTree = "<group>"; };
		52B547A2269E861B0074A5A7 /* RecipeTabView.swift */ = {isa = PBXFileReference; lastKnownFileType = sourcecode.swift; path = RecipeTabView.swift; sourceTree = "<group>"; };
		52B547A4269E86270074A5A7 /* Assets.xcassets */ = {isa = PBXFileReference; lastKnownFileType = folder.assetcatalog; path = Assets.xcassets; sourceTree = "<group>"; };
		52B547A7269E86270074A5A7 /* Preview Assets.xcassets */ = {isa = PBXFileReference; lastKnownFileType = folder.assetcatalog; path = "Preview Assets.xcassets"; sourceTree = "<group>"; };
		52B547A9269E86270074A5A7 /* Info.plist */ = {isa = PBXFileReference; lastKnownFileType = text.plist.xml; path = Info.plist; sourceTree = "<group>"; };
		52B547B7269E87FB0074A5A7 /* recipes.json */ = {isa = PBXFileReference; fileEncoding = 4; lastKnownFileType = text.json; path = recipes.json; sourceTree = "<group>"; };
		52B547BA269E890A0074A5A7 /* Recipe.swift */ = {isa = PBXFileReference; lastKnownFileType = sourcecode.swift; path = Recipe.swift; sourceTree = "<group>"; };
		52B547BD269E89820074A5A7 /* RecipeModel.swift */ = {isa = PBXFileReference; lastKnownFileType = sourcecode.swift; path = RecipeModel.swift; sourceTree = "<group>"; };
		52B547C0269E8A180074A5A7 /* DataService.swift */ = {isa = PBXFileReference; lastKnownFileType = sourcecode.swift; path = DataService.swift; sourceTree = "<group>"; };
		52B547C4269E91BE0074A5A7 /* RecipeFeaturedView.swift */ = {isa = PBXFileReference; lastKnownFileType = sourcecode.swift; path = RecipeFeaturedView.swift; sourceTree = "<group>"; };
		52B547C7269E91D70074A5A7 /* RecipeListView.swift */ = {isa = PBXFileReference; lastKnownFileType = sourcecode.swift; path = RecipeListView.swift; sourceTree = "<group>"; };
		52B547CA269E91E40074A5A7 /* RecipeDetailView.swift */ = {isa = PBXFileReference; lastKnownFileType = sourcecode.swift; path = RecipeDetailView.swift; sourceTree = "<group>"; };
/* End PBXFileReference section */

/* Begin PBXFrameworksBuildPhase section */
		52B5479A269E861B0074A5A7 /* Frameworks */ = {
			isa = PBXFrameworksBuildPhase;
			buildActionMask = 2147483647;
			files = (
			);
			runOnlyForDeploymentPostprocessing = 0;
		};
/* End PBXFrameworksBuildPhase section */

/* Begin PBXGroup section */
		52B54794269E861B0074A5A7 = {
			isa = PBXGroup;
			children = (
				52B5479F269E861B0074A5A7 /* Recipe */,
				52B5479E269E861B0074A5A7 /* Products */,
			);
			sourceTree = "<group>";
		};
		52B5479E269E861B0074A5A7 /* Products */ = {
			isa = PBXGroup;
			children = (
				52B5479D269E861B0074A5A7 /* Recipe.app */,
			);
			name = Products;
			sourceTree = "<group>";
		};
		52B5479F269E861B0074A5A7 /* Recipe */ = {
			isa = PBXGroup;
			children = (
				52B547A0269E861B0074A5A7 /* RecipeApp.swift */,
				52B547B6269E87AC0074A5A7 /* Views */,
				52B547B5269E87A40074A5A7 /* ViewModels */,
				52B547B4269E87990074A5A7 /* Models */,
				52B547B3269E878E0074A5A7 /* Services */,
				52B547B2269E87880074A5A7 /* Data */,
				52B547A4269E86270074A5A7 /* Assets.xcassets */,
				52B547A9269E86270074A5A7 /* Info.plist */,
				52B547A6269E86270074A5A7 /* Preview Content */,
			);
			path = Recipe;
			sourceTree = "<group>";
		};
		52B547A6269E86270074A5A7 /* Preview Content */ = {
			isa = PBXGroup;
			children = (
				52B547A7269E86270074A5A7 /* Preview Assets.xcassets */,
			);
			path = "Preview Content";
			sourceTree = "<group>";
		};
		52B547B2269E87880074A5A7 /* Data */ = {
			isa = PBXGroup;
			children = (
				52B547B7269E87FB0074A5A7 /* recipes.json */,
			);
			path = Data;
			sourceTree = "<group>";
		};
		52B547B3269E878E0074A5A7 /* Services */ = {
			isa = PBXGroup;
			children = (
				52B547C0269E8A180074A5A7 /* DataService.swift */,
			);
			path = Services;
			sourceTree = "<group>";
		};
		52B547B4269E87990074A5A7 /* Models */ = {
			isa = PBXGroup;
			children = (
				52B547BA269E890A0074A5A7 /* Recipe.swift */,
			);
			path = Models;
			sourceTree = "<group>";
		};
		52B547B5269E87A40074A5A7 /* ViewModels */ = {
			isa = PBXGroup;
			children = (
				52B547BD269E89820074A5A7 /* RecipeModel.swift */,
			);
			path = ViewModels;
			sourceTree = "<group>";
		};
		52B547B6269E87AC0074A5A7 /* Views */ = {
			isa = PBXGroup;
			children = (
				52B547A2269E861B0074A5A7 /* RecipeTabView.swift */,
				52B547C4269E91BE0074A5A7 /* RecipeFeaturedView.swift */,
				52B547C7269E91D70074A5A7 /* RecipeListView.swift */,
				52B547CA269E91E40074A5A7 /* RecipeDetailView.swift */,
			);
			path = Views;
			sourceTree = "<group>";
		};
/* End PBXGroup section */

/* Begin PBXNativeTarget section */
		52B5479C269E861B0074A5A7 /* Recipe */ = {
			isa = PBXNativeTarget;
			buildConfigurationList = 52B547AC269E86270074A5A7 /* Build configuration list for PBXNativeTarget "Recipe" */;
			buildPhases = (
				52B54799269E861B0074A5A7 /* Sources */,
				52B5479A269E861B0074A5A7 /* Frameworks */,
				52B5479B269E861B0074A5A7 /* Resources */,
			);
			buildRules = (
			);
			dependencies = (
			);
			name = Recipe;
			productName = Recipe;
			productReference = 52B5479D269E861B0074A5A7 /* Recipe.app */;
			productType = "com.apple.product-type.application";
		};
/* End PBXNativeTarget section */

/* Begin PBXProject section */
		52B54795269E861B0074A5A7 /* Project object */ = {
			isa = PBXProject;
			attributes = {
				LastSwiftUpdateCheck = 1240;
				LastUpgradeCheck = 1240;
				TargetAttributes = {
					52B5479C269E861B0074A5A7 = {
						CreatedOnToolsVersion = 12.4;
					};
				};
			};
			buildConfigurationList = 52B54798269E861B0074A5A7 /* Build configuration list for PBXProject "Recipe" */;
			compatibilityVersion = "Xcode 9.3";
			developmentRegion = en;
			hasScannedForEncodings = 0;
			knownRegions = (
				en,
				Base,
			);
			mainGroup = 52B54794269E861B0074A5A7;
			productRefGroup = 52B5479E269E861B0074A5A7 /* Products */;
			projectDirPath = "";
			projectRoot = "";
			targets = (
				52B5479C269E861B0074A5A7 /* Recipe */,
			);
		};
/* End PBXProject section */

/* Begin PBXResourcesBuildPhase section */
		52B5479B269E861B0074A5A7 /* Resources */ = {
			isa = PBXResourcesBuildPhase;
			buildActionMask = 2147483647;
			files = (
				52B547A8269E86270074A5A7 /* Preview Assets.xcassets in Resources */,
				52B547B8269E87FB0074A5A7 /* recipes.json in Resources */,
				52B547A5269E86270074A5A7 /* Assets.xcassets in Resources */,
			);
			runOnlyForDeploymentPostprocessing = 0;
		};
/* End PBXResourcesBuildPhase section */

/* Begin PBXSourcesBuildPhase section */
		52B54799269E861B0074A5A7 /* Sources */ = {
			isa = PBXSourcesBuildPhase;
			buildActionMask = 2147483647;
			files = (
				52B547BB269E890A0074A5A7 /* Recipe.swift in Sources */,
				52B547C8269E91D70074A5A7 /* RecipeListView.swift in Sources */,
				52B547BE269E89820074A5A7 /* RecipeModel.swift in Sources */,
				52B547C5269E91BE0074A5A7 /* RecipeFeaturedView.swift in Sources */,
				52B547A3269E861B0074A5A7 /* RecipeTabView.swift in Sources */,
				52B547A1269E861B0074A5A7 /* RecipeApp.swift in Sources */,
				52B547C1269E8A180074A5A7 /* DataService.swift in Sources */,
				52B547CB269E91E40074A5A7 /* RecipeDetailView.swift in Sources */,
			);
			runOnlyForDeploymentPostprocessing = 0;
		};
/* End PBXSourcesBuildPhase section */

/* Begin XCBuildConfiguration section */
		52B547AA269E86270074A5A7 /* Debug */ = {
			isa = XCBuildConfiguration;
			buildSettings = {
				ALWAYS_SEARCH_USER_PATHS = NO;
				CLANG_ANALYZER_NONNULL = YES;
				CLANG_ANALYZER_NUMBER_OBJECT_CONVERSION = YES_AGGRESSIVE;
				CLANG_CXX_LANGUAGE_STANDARD = "gnu++14";
				CLANG_CXX_LIBRARY = "libc++";
				CLANG_ENABLE_MODULES = YES;
				CLANG_ENABLE_OBJC_ARC = YES;
				CLANG_ENABLE_OBJC_WEAK = YES;
				CLANG_WARN_BLOCK_CAPTURE_AUTORELEASING = YES;
				CLANG_WARN_BOOL_CONVERSION = YES;
				CLANG_WARN_COMMA = YES;
				CLANG_WARN_CONSTANT_CONVERSION = YES;
				CLANG_WARN_DEPRECATED_OBJC_IMPLEMENTATIONS = YES;
				CLANG_WARN_DIRECT_OBJC_ISA_USAGE = YES_ERROR;
				CLANG_WARN_DOCUMENTATION_COMMENTS = YES;
				CLANG_WARN_EMPTY_BODY = YES;
				CLANG_WARN_ENUM_CONVERSION = YES;
				CLANG_WARN_INFINITE_RECURSION = YES;
				CLANG_WARN_INT_CONVERSION = YES;
				CLANG_WARN_NON_LITERAL_NULL_CONVERSION = YES;
				CLANG_WARN_OBJC_IMPLICIT_RETAIN_SELF = YES;
				CLANG_WARN_OBJC_LITERAL_CONVERSION = YES;
				CLANG_WARN_OBJC_ROOT_CLASS = YES_ERROR;
				CLANG_WARN_QUOTED_INCLUDE_IN_FRAMEWORK_HEADER = YES;
				CLANG_WARN_RANGE_LOOP_ANALYSIS = YES;
				CLANG_WARN_STRICT_PROTOTYPES = YES;
				CLANG_WARN_SUSPICIOUS_MOVE = YES;
				CLANG_WARN_UNGUARDED_AVAILABILITY = YES_AGGRESSIVE;
				CLANG_WARN_UNREACHABLE_CODE = YES;
				CLANG_WARN__DUPLICATE_METHOD_MATCH = YES;
				COPY_PHASE_STRIP = NO;
				DEBUG_INFORMATION_FORMAT = dwarf;
				ENABLE_STRICT_OBJC_MSGSEND = YES;
				ENABLE_TESTABILITY = YES;
				GCC_C_LANGUAGE_STANDARD = gnu11;
				GCC_DYNAMIC_NO_PIC = NO;
				GCC_NO_COMMON_BLOCKS = YES;
				GCC_OPTIMIZATION_LEVEL = 0;
				GCC_PREPROCESSOR_DEFINITIONS = (
					"DEBUG=1",
					"$(inherited)",
				);
				GCC_WARN_64_TO_32_BIT_CONVERSION = YES;
				GCC_WARN_ABOUT_RETURN_TYPE = YES_ERROR;
				GCC_WARN_UNDECLARED_SELECTOR = YES;
				GCC_WARN_UNINITIALIZED_AUTOS = YES_AGGRESSIVE;
				GCC_WARN_UNUSED_FUNCTION = YES;
				GCC_WARN_UNUSED_VARIABLE = YES;
				IPHONEOS_DEPLOYMENT_TARGET = 14.4;
				MTL_ENABLE_DEBUG_INFO = INCLUDE_SOURCE;
				MTL_FAST_MATH = YES;
				ONLY_ACTIVE_ARCH = YES;
				SDKROOT = iphoneos;
				SWIFT_ACTIVE_COMPILATION_CONDITIONS = DEBUG;
				SWIFT_OPTIMIZATION_LEVEL = "-Onone";
			};
			name = Debug;
		};
		52B547AB269E86270074A5A7 /* Release */ = {
			isa = XCBuildConfiguration;
			buildSettings = {
				ALWAYS_SEARCH_USER_PATHS = NO;
				CLANG_ANALYZER_NONNULL = YES;
				CLANG_ANALYZER_NUMBER_OBJECT_CONVERSION = YES_AGGRESSIVE;
				CLANG_CXX_LANGUAGE_STANDARD = "gnu++14";
				CLANG_CXX_LIBRARY = "libc++";
				CLANG_ENABLE_MODULES = YES;
				CLANG_ENABLE_OBJC_ARC = YES;
				CLANG_ENABLE_OBJC_WEAK = YES;
				CLANG_WARN_BLOCK_CAPTURE_AUTORELEASING = YES;
				CLANG_WARN_BOOL_CONVERSION = YES;
				CLANG_WARN_COMMA = YES;
				CLANG_WARN_CONSTANT_CONVERSION = YES;
				CLANG_WARN_DEPRECATED_OBJC_IMPLEMENTATIONS = YES;
				CLANG_WARN_DIRECT_OBJC_ISA_USAGE = YES_ERROR;
				CLANG_WARN_DOCUMENTATION_COMMENTS = YES;
				CLANG_WARN_EMPTY_BODY = YES;
				CLANG_WARN_ENUM_CONVERSION = YES;
				CLANG_WARN_INFINITE_RECURSION = YES;
				CLANG_WARN_INT_CONVERSION = YES;
				CLANG_WARN_NON_LITERAL_NULL_CONVERSION = YES;
				CLANG_WARN_OBJC_IMPLICIT_RETAIN_SELF = YES;
				CLANG_WARN_OBJC_LITERAL_CONVERSION = YES;
				CLANG_WARN_OBJC_ROOT_CLASS = YES_ERROR;
				CLANG_WARN_QUOTED_INCLUDE_IN_FRAMEWORK_HEADER = YES;
				CLANG_WARN_RANGE_LOOP_ANALYSIS = YES;
				CLANG_WARN_STRICT_PROTOTYPES = YES;
				CLANG_WARN_SUSPICIOUS_MOVE = YES;
				CLANG_WARN_UNGUARDED_AVAILABILITY = YES_AGGRESSIVE;
				CLANG_WARN_UNREACHABLE_CODE = YES;
				CLANG_WARN__DUPLICATE_METHOD_MATCH = YES;
				COPY_PHASE_STRIP = NO;
				DEBUG_INFORMATION_FORMAT = "dwarf-with-dsym";
				ENABLE_NS_ASSERTIONS = NO;
				ENABLE_STRICT_OBJC_MSGSEND = YES;
				GCC_C_LANGUAGE_STANDARD = gnu11;
				GCC_NO_COMMON_BLOCKS = YES;
				GCC_WARN_64_TO_32_BIT_CONVERSION = YES;
				GCC_WARN_ABOUT_RETURN_TYPE = YES_ERROR;
				GCC_WARN_UNDECLARED_SELECTOR = YES;
				GCC_WARN_UNINITIALIZED_AUTOS = YES_AGGRESSIVE;
				GCC_WARN_UNUSED_FUNCTION = YES;
				GCC_WARN_UNUSED_VARIABLE = YES;
				IPHONEOS_DEPLOYMENT_TARGET = 14.4;
				MTL_ENABLE_DEBUG_INFO = NO;
				MTL_FAST_MATH = YES;
				SDKROOT = iphoneos;
				SWIFT_COMPILATION_MODE = wholemodule;
				SWIFT_OPTIMIZATION_LEVEL = "-O";
				VALIDATE_PRODUCT = YES;
			};
			name = Release;
		};
		52B547AD269E86270074A5A7 /* Debug */ = {
			isa = XCBuildConfiguration;
			buildSettings = {
				ASSETCATALOG_COMPILER_APPICON_NAME = AppIcon;
				ASSETCATALOG_COMPILER_GLOBAL_ACCENT_COLOR_NAME = AccentColor;
				CODE_SIGN_STYLE = Automatic;
				DEVELOPMENT_ASSET_PATHS = "\"Recipe/Preview Content\"";
				ENABLE_PREVIEWS = YES;
				INFOPLIST_FILE = Recipe/Info.plist;
				IPHONEOS_DEPLOYMENT_TARGET = 14.0;
				LD_RUNPATH_SEARCH_PATHS = (
					"$(inherited)",
					"@executable_path/Frameworks",
				);
				PRODUCT_BUNDLE_IDENTIFIER = com.jeehun.Recipe;
				PRODUCT_NAME = "$(TARGET_NAME)";
				SWIFT_VERSION = 5.0;
				TARGETED_DEVICE_FAMILY = "1,2";
			};
			name = Debug;
		};
		52B547AE269E86270074A5A7 /* Release */ = {
			isa = XCBuildConfiguration;
			buildSettings = {
				ASSETCATALOG_COMPILER_APPICON_NAME = AppIcon;
				ASSETCATALOG_COMPILER_GLOBAL_ACCENT_COLOR_NAME = AccentColor;
				CODE_SIGN_STYLE = Automatic;
				DEVELOPMENT_ASSET_PATHS = "\"Recipe/Preview Content\"";
				ENABLE_PREVIEWS = YES;
				INFOPLIST_FILE = Recipe/Info.plist;
				IPHONEOS_DEPLOYMENT_TARGET = 14.0;
				LD_RUNPATH_SEARCH_PATHS = (
					"$(inherited)",
					"@executable_path/Frameworks",
				);
				PRODUCT_BUNDLE_IDENTIFIER = com.jeehun.Recipe;
				PRODUCT_NAME = "$(TARGET_NAME)";
				SWIFT_VERSION = 5.0;
				TARGETED_DEVICE_FAMILY = "1,2";
			};
			name = Release;
		};
/* End XCBuildConfiguration section */

/* Begin XCConfigurationList section */
		52B54798269E861B0074A5A7 /* Build configuration list for PBXProject "Recipe" */ = {
			isa = XCConfigurationList;
			buildConfigurations = (
				52B547AA269E86270074A5A7 /* Debug */,
				52B547AB269E86270074A5A7 /* Release */,
			);
			defaultConfigurationIsVisible = 0;
			defaultConfigurationName = Release;
		};
		52B547AC269E86270074A5A7 /* Build configuration list for PBXNativeTarget "Recipe" */ = {
			isa = XCConfigurationList;
			buildConfigurations = (
				52B547AD269E86270074A5A7 /* Debug */,
				52B547AE269E86270074A5A7 /* Release */,
			);
			defaultConfigurationIsVisible = 0;
			defaultConfigurationName = Release;
		};
/* End XCConfigurationList section */
	};
	rootObject = 52B54795269E861B0074A5A7 /* Project object */;
}
